// !$*UTF8*$!
{
	archiveVersion = 1;
	classes = {
	};
	objectVersion = 50;
	objects = {

/* Begin PBXBuildFile section */
		D5EC070B261B520C00B2D2D0 /* helloApp.swift in Sources */ = {isa = PBXBuildFile; fileRef = D5EC070A261B520C00B2D2D0 /* helloApp.swift */; };
		D5EC070D261B520C00B2D2D0 /* ContentView.swift in Sources */ = {isa = PBXBuildFile; fileRef = D5EC070C261B520C00B2D2D0 /* ContentView.swift */; };
		D5EC070F261B521500B2D2D0 /* Assets.xcassets in Resources */ = {isa = PBXBuildFile; fileRef = D5EC070E261B521500B2D2D0 /* Assets.xcassets */; };
		D5EC0712261B521500B2D2D0 /* Preview Assets.xcassets in Resources */ = {isa = PBXBuildFile; fileRef = D5EC0711261B521500B2D2D0 /* Preview Assets.xcassets */; };
		D5EC071D261B521600B2D2D0 /* helloTests.swift in Sources */ = {isa = PBXBuildFile; fileRef = D5EC071C261B521600B2D2D0 /* helloTests.swift */; };
		D5EC0728261B521600B2D2D0 /* helloUITests.swift in Sources */ = {isa = PBXBuildFile; fileRef = D5EC0727261B521600B2D2D0 /* helloUITests.swift */; };
/* End PBXBuildFile section */

/* Begin PBXContainerItemProxy section */
		D5EC0719261B521600B2D2D0 /* PBXContainerItemProxy */ = {
			isa = PBXContainerItemProxy;
			containerPortal = D5EC06FF261B520B00B2D2D0 /* Project object */;
			proxyType = 1;
			remoteGlobalIDString = D5EC0706261B520C00B2D2D0;
			remoteInfo = hello;
		};
		D5EC0724261B521600B2D2D0 /* PBXContainerItemProxy */ = {
			isa = PBXContainerItemProxy;
			containerPortal = D5EC06FF261B520B00B2D2D0 /* Project object */;
			proxyType = 1;
			remoteGlobalIDString = D5EC0706261B520C00B2D2D0;
			remoteInfo = hello;
		};
/* End PBXContainerItemProxy section */

/* Begin PBXFileReference section */
		D5EC0707261B520C00B2D2D0 /* hello.app */ = {isa = PBXFileReference; explicitFileType = wrapper.application; includeInIndex = 0; path = hello.app; sourceTree = BUILT_PRODUCTS_DIR; };
		D5EC070A261B520C00B2D2D0 /* helloApp.swift */ = {isa = PBXFileReference; lastKnownFileType = sourcecode.swift; path = helloApp.swift; sourceTree = "<group>"; };
		D5EC070C261B520C00B2D2D0 /* ContentView.swift */ = {isa = PBXFileReference; lastKnownFileType = sourcecode.swift; path = ContentView.swift; sourceTree = "<group>"; };
		D5EC070E261B521500B2D2D0 /* Assets.xcassets */ = {isa = PBXFileReference; lastKnownFileType = folder.assetcatalog; path = Assets.xcassets; sourceTree = "<group>"; };
		D5EC0711261B521500B2D2D0 /* Preview Assets.xcassets */ = {isa = PBXFileReference; lastKnownFileType = folder.assetcatalog; path = "Preview Assets.xcassets"; sourceTree = "<group>"; };
		D5EC0713261B521500B2D2D0 /* Info.plist */ = {isa = PBXFileReference; lastKnownFileType = text.plist.xml; path = Info.plist; sourceTree = "<group>"; };
		D5EC0718261B521600B2D2D0 /* helloTests.xctest */ = {isa = PBXFileReference; explicitFileType = wrapper.cfbundle; includeInIndex = 0; path = helloTests.xctest; sourceTree = BUILT_PRODUCTS_DIR; };
		D5EC071C261B521600B2D2D0 /* helloTests.swift */ = {isa = PBXFileReference; lastKnownFileType = sourcecode.swift; path = helloTests.swift; sourceTree = "<group>"; };
		D5EC071E261B521600B2D2D0 /* Info.plist */ = {isa = PBXFileReference; lastKnownFileType = text.plist.xml; path = Info.plist; sourceTree = "<group>"; };
		D5EC0723261B521600B2D2D0 /* helloUITests.xctest */ = {isa = PBXFileReference; explicitFileType = wrapper.cfbundle; includeInIndex = 0; path = helloUITests.xctest; sourceTree = BUILT_PRODUCTS_DIR; };
		D5EC0727261B521600B2D2D0 /* helloUITests.swift */ = {isa = PBXFileReference; lastKnownFileType = sourcecode.swift; path = helloUITests.swift; sourceTree = "<group>"; };
		D5EC0729261B521600B2D2D0 /* Info.plist */ = {isa = PBXFileReference; lastKnownFileType = text.plist.xml; path = Info.plist; sourceTree = "<group>"; };
/* End PBXFileReference section */

/* Begin PBXFrameworksBuildPhase section */
		D5EC0704261B520C00B2D2D0 /* Frameworks */ = {
			isa = PBXFrameworksBuildPhase;
			buildActionMask = 2147483647;
			files = (
			);
			runOnlyForDeploymentPostprocessing = 0;
		};
		D5EC0715261B521600B2D2D0 /* Frameworks */ = {
			isa = PBXFrameworksBuildPhase;
			buildActionMask = 2147483647;
			files = (
			);
			runOnlyForDeploymentPostprocessing = 0;
		};
		D5EC0720261B521600B2D2D0 /* Frameworks */ = {
			isa = PBXFrameworksBuildPhase;
			buildActionMask = 2147483647;
			files = (
			);
			runOnlyForDeploymentPostprocessing = 0;
		};
/* End PBXFrameworksBuildPhase section */

/* Begin PBXGroup section */
		D5EC06FE261B520B00B2D2D0 = {
			isa = PBXGroup;
			children = (
				D5EC0709261B520C00B2D2D0 /* hello */,
				D5EC071B261B521600B2D2D0 /* helloTests */,
				D5EC0726261B521600B2D2D0 /* helloUITests */,
				D5EC0708261B520C00B2D2D0 /* Products */,
			);
			sourceTree = "<group>";
		};
		D5EC0708261B520C00B2D2D0 /* Products */ = {
			isa = PBXGroup;
			children = (
				D5EC0707261B520C00B2D2D0 /* hello.app */,
				D5EC0718261B521600B2D2D0 /* helloTests.xctest */,
				D5EC0723261B521600B2D2D0 /* helloUITests.xctest */,
			);
			name = Products;
			sourceTree = "<group>";
		};
		D5EC0709261B520C00B2D2D0 /* hello */ = {
			isa = PBXGroup;
			children = (
				D5EC070A261B520C00B2D2D0 /* helloApp.swift */,
				D5EC070C261B520C00B2D2D0 /* ContentView.swift */,
				D5EC070E261B521500B2D2D0 /* Assets.xcassets */,
				D5EC0713261B521500B2D2D0 /* Info.plist */,
				D5EC0710261B521500B2D2D0 /* Preview Content */,
			);
			path = hello;
			sourceTree = "<group>";
		};
		D5EC0710261B521500B2D2D0 /* Preview Content */ = {
			isa = PBXGroup;
			children = (
				D5EC0711261B521500B2D2D0 /* Preview Assets.xcassets */,
			);
			path = "Preview Content";
			sourceTree = "<group>";
		};
		D5EC071B261B521600B2D2D0 /* helloTests */ = {
			isa = PBXGroup;
			children = (
				D5EC071C261B521600B2D2D0 /* helloTests.swift */,
				D5EC071E261B521600B2D2D0 /* Info.plist */,
			);
			path = helloTests;
			sourceTree = "<group>";
		};
		D5EC0726261B521600B2D2D0 /* helloUITests */ = {
			isa = PBXGroup;
			children = (
				D5EC0727261B521600B2D2D0 /* helloUITests.swift */,
				D5EC0729261B521600B2D2D0 /* Info.plist */,
			);
			path = helloUITests;
			sourceTree = "<group>";
		};
/* End PBXGroup section */

/* Begin PBXNativeTarget section */
		D5EC0706261B520C00B2D2D0 /* hello */ = {
			isa = PBXNativeTarget;
			buildConfigurationList = D5EC072C261B521600B2D2D0 /* Build configuration list for PBXNativeTarget "hello" */;
			buildPhases = (
				D5EC0703261B520C00B2D2D0 /* Sources */,
				D5EC0704261B520C00B2D2D0 /* Frameworks */,
				D5EC0705261B520C00B2D2D0 /* Resources */,
			);
			buildRules = (
			);
			dependencies = (
			);
			name = hello;
			productName = hello;
			productReference = D5EC0707261B520C00B2D2D0 /* hello.app */;
			productType = "com.apple.product-type.application";
		};
		D5EC0717261B521600B2D2D0 /* helloTests */ = {
			isa = PBXNativeTarget;
			buildConfigurationList = D5EC072F261B521600B2D2D0 /* Build configuration list for PBXNativeTarget "helloTests" */;
			buildPhases = (
				D5EC0714261B521600B2D2D0 /* Sources */,
				D5EC0715261B521600B2D2D0 /* Frameworks */,
				D5EC0716261B521600B2D2D0 /* Resources */,
			);
			buildRules = (
			);
			dependencies = (
				D5EC071A261B521600B2D2D0 /* PBXTargetDependency */,
			);
			name = helloTests;
			productName = helloTests;
			productReference = D5EC0718261B521600B2D2D0 /* helloTests.xctest */;
			productType = "com.apple.product-type.bundle.unit-test";
		};
		D5EC0722261B521600B2D2D0 /* helloUITests */ = {
			isa = PBXNativeTarget;
			buildConfigurationList = D5EC0732261B521600B2D2D0 /* Build configuration list for PBXNativeTarget "helloUITests" */;
			buildPhases = (
				D5EC071F261B521600B2D2D0 /* Sources */,
				D5EC0720261B521600B2D2D0 /* Frameworks */,
				D5EC0721261B521600B2D2D0 /* Resources */,
			);
			buildRules = (
			);
			dependencies = (
				D5EC0725261B521600B2D2D0 /* PBXTargetDependency */,
			);
			name = helloUITests;
			productName = helloUITests;
			productReference = D5EC0723261B521600B2D2D0 /* helloUITests.xctest */;
			productType = "com.apple.product-type.bundle.ui-testing";
		};
/* End PBXNativeTarget section */

/* Begin PBXProject section */
		D5EC06FF261B520B00B2D2D0 /* Project object */ = {
			isa = PBXProject;
			attributes = {
				LastSwiftUpdateCheck = 1240;
				LastUpgradeCheck = 1240;
				TargetAttributes = {
					D5EC0706261B520C00B2D2D0 = {
						CreatedOnToolsVersion = 12.4;
					};
					D5EC0717261B521600B2D2D0 = {
						CreatedOnToolsVersion = 12.4;
						TestTargetID = D5EC0706261B520C00B2D2D0;
					};
					D5EC0722261B521600B2D2D0 = {
						CreatedOnToolsVersion = 12.4;
						TestTargetID = D5EC0706261B520C00B2D2D0;
					};
				};
			};
			buildConfigurationList = D5EC0702261B520C00B2D2D0 /* Build configuration list for PBXProject "hello" */;
			compatibilityVersion = "Xcode 9.3";
			developmentRegion = en;
			hasScannedForEncodings = 0;
			knownRegions = (
				en,
				Base,
			);
			mainGroup = D5EC06FE261B520B00B2D2D0;
			productRefGroup = D5EC0708261B520C00B2D2D0 /* Products */;
			projectDirPath = "";
			projectRoot = "";
			targets = (
				D5EC0706261B520C00B2D2D0 /* hello */,
				D5EC0717261B521600B2D2D0 /* helloTests */,
				D5EC0722261B521600B2D2D0 /* helloUITests */,
			);
		};
/* End PBXProject section */

/* Begin PBXResourcesBuildPhase section */
		D5EC0705261B520C00B2D2D0 /* Resources */ = {
			isa = PBXResourcesBuildPhase;
			buildActionMask = 2147483647;
			files = (
				D5EC0712261B521500B2D2D0 /* Preview Assets.xcassets in Resources */,
				D5EC070F261B521500B2D2D0 /* Assets.xcassets in Resources */,
			);
			runOnlyForDeploymentPostprocessing = 0;
		};
		D5EC0716261B521600B2D2D0 /* Resources */ = {
			isa = PBXResourcesBuildPhase;
			buildActionMask = 2147483647;
			files = (
			);
			runOnlyForDeploymentPostprocessing = 0;
		};
		D5EC0721261B521600B2D2D0 /* Resources */ = {
			isa = PBXResourcesBuildPhase;
			buildActionMask = 2147483647;
			files = (
			);
			runOnlyForDeploymentPostprocessing = 0;
		};
/* End PBXResourcesBuildPhase section */

/* Begin PBXSourcesBuildPhase section */
		D5EC0703261B520C00B2D2D0 /* Sources */ = {
			isa = PBXSourcesBuildPhase;
			buildActionMask = 2147483647;
			files = (
				D5EC070D261B520C00B2D2D0 /* ContentView.swift in Sources */,
				D5EC070B261B520C00B2D2D0 /* helloApp.swift in Sources */,
			);
			runOnlyForDeploymentPostprocessing = 0;
		};
		D5EC0714261B521600B2D2D0 /* Sources */ = {
			isa = PBXSourcesBuildPhase;
			buildActionMask = 2147483647;
			files = (
				D5EC071D261B521600B2D2D0 /* helloTests.swift in Sources */,
			);
			runOnlyForDeploymentPostprocessing = 0;
		};
		D5EC071F261B521600B2D2D0 /* Sources */ = {
			isa = PBXSourcesBuildPhase;
			buildActionMask = 2147483647;
			files = (
				D5EC0728261B521600B2D2D0 /* helloUITests.swift in Sources */,
			);
			runOnlyForDeploymentPostprocessing = 0;
		};
/* End PBXSourcesBuildPhase section */

/* Begin PBXTargetDependency section */
		D5EC071A261B521600B2D2D0 /* PBXTargetDependency */ = {
			isa = PBXTargetDependency;
			target = D5EC0706261B520C00B2D2D0 /* hello */;
			targetProxy = D5EC0719261B521600B2D2D0 /* PBXContainerItemProxy */;
		};
		D5EC0725261B521600B2D2D0 /* PBXTargetDependency */ = {
			isa = PBXTargetDependency;
			target = D5EC0706261B520C00B2D2D0 /* hello */;
			targetProxy = D5EC0724261B521600B2D2D0 /* PBXContainerItemProxy */;
		};
/* End PBXTargetDependency section */

/* Begin XCBuildConfiguration section */
		D5EC072A261B521600B2D2D0 /* Debug */ = {
			isa = XCBuildConfiguration;
			buildSettings = {
				ALWAYS_SEARCH_USER_PATHS = NO;
				CLANG_ANALYZER_NONNULL = YES;
				CLANG_ANALYZER_NUMBER_OBJECT_CONVERSION = YES_AGGRESSIVE;
				CLANG_CXX_LANGUAGE_STANDARD = "gnu++14";
				CLANG_CXX_LIBRARY = "libc++";
				CLANG_ENABLE_MODULES = YES;
				CLANG_ENABLE_OBJC_ARC = YES;
				CLANG_ENABLE_OBJC_WEAK = YES;
				CLANG_WARN_BLOCK_CAPTURE_AUTORELEASING = YES;
				CLANG_WARN_BOOL_CONVERSION = YES;
				CLANG_WARN_COMMA = YES;
				CLANG_WARN_CONSTANT_CONVERSION = YES;
				CLANG_WARN_DEPRECATED_OBJC_IMPLEMENTATIONS = YES;
				CLANG_WARN_DIRECT_OBJC_ISA_USAGE = YES_ERROR;
				CLANG_WARN_DOCUMENTATION_COMMENTS = YES;
				CLANG_WARN_EMPTY_BODY = YES;
				CLANG_WARN_ENUM_CONVERSION = YES;
				CLANG_WARN_INFINITE_RECURSION = YES;
				CLANG_WARN_INT_CONVERSION = YES;
				CLANG_WARN_NON_LITERAL_NULL_CONVERSION = YES;
				CLANG_WARN_OBJC_IMPLICIT_RETAIN_SELF = YES;
				CLANG_WARN_OBJC_LITERAL_CONVERSION = YES;
				CLANG_WARN_OBJC_ROOT_CLASS = YES_ERROR;
				CLANG_WARN_QUOTED_INCLUDE_IN_FRAMEWORK_HEADER = YES;
				CLANG_WARN_RANGE_LOOP_ANALYSIS = YES;
				CLANG_WARN_STRICT_PROTOTYPES = YES;
				CLANG_WARN_SUSPICIOUS_MOVE = YES;
				CLANG_WARN_UNGUARDED_AVAILABILITY = YES_AGGRESSIVE;
				CLANG_WARN_UNREACHABLE_CODE = YES;
				CLANG_WARN__DUPLICATE_METHOD_MATCH = YES;
				COPY_PHASE_STRIP = NO;
				DEBUG_INFORMATION_FORMAT = dwarf;
				ENABLE_STRICT_OBJC_MSGSEND = YES;
				ENABLE_TESTABILITY = YES;
				GCC_C_LANGUAGE_STANDARD = gnu11;
				GCC_DYNAMIC_NO_PIC = NO;
				GCC_NO_COMMON_BLOCKS = YES;
				GCC_OPTIMIZATION_LEVEL = 0;
				GCC_PREPROCESSOR_DEFINITIONS = (
					"DEBUG=1",
					"$(inherited)",
				);
				GCC_WARN_64_TO_32_BIT_CONVERSION = YES;
				GCC_WARN_ABOUT_RETURN_TYPE = YES_ERROR;
				GCC_WARN_UNDECLARED_SELECTOR = YES;
				GCC_WARN_UNINITIALIZED_AUTOS = YES_AGGRESSIVE;
				GCC_WARN_UNUSED_FUNCTION = YES;
				GCC_WARN_UNUSED_VARIABLE = YES;
				IPHONEOS_DEPLOYMENT_TARGET = 14.4;
				MTL_ENABLE_DEBUG_INFO = INCLUDE_SOURCE;
				MTL_FAST_MATH = YES;
				ONLY_ACTIVE_ARCH = YES;
				SDKROOT = iphoneos;
				SWIFT_ACTIVE_COMPILATION_CONDITIONS = DEBUG;
				SWIFT_OPTIMIZATION_LEVEL = "-Onone";
			};
			name = Debug;
		};
		D5EC072B261B521600B2D2D0 /* Release */ = {
			isa = XCBuildConfiguration;
			buildSettings = {
				ALWAYS_SEARCH_USER_PATHS = NO;
				CLANG_ANALYZER_NONNULL = YES;
				CLANG_ANALYZER_NUMBER_OBJECT_CONVERSION = YES_AGGRESSIVE;
				CLANG_CXX_LANGUAGE_STANDARD = "gnu++14";
				CLANG_CXX_LIBRARY = "libc++";
				CLANG_ENABLE_MODULES = YES;
				CLANG_ENABLE_OBJC_ARC = YES;
				CLANG_ENABLE_OBJC_WEAK = YES;
				CLANG_WARN_BLOCK_CAPTURE_AUTORELEASING = YES;
				CLANG_WARN_BOOL_CONVERSION = YES;
				CLANG_WARN_COMMA = YES;
				CLANG_WARN_CONSTANT_CONVERSION = YES;
				CLANG_WARN_DEPRECATED_OBJC_IMPLEMENTATIONS = YES;
				CLANG_WARN_DIRECT_OBJC_ISA_USAGE = YES_ERROR;
				CLANG_WARN_DOCUMENTATION_COMMENTS = YES;
				CLANG_WARN_EMPTY_BODY = YES;
				CLANG_WARN_ENUM_CONVERSION = YES;
				CLANG_WARN_INFINITE_RECURSION = YES;
				CLANG_WARN_INT_CONVERSION = YES;
				CLANG_WARN_NON_LITERAL_NULL_CONVERSION = YES;
				CLANG_WARN_OBJC_IMPLICIT_RETAIN_SELF = YES;
				CLANG_WARN_OBJC_LITERAL_CONVERSION = YES;
				CLANG_WARN_OBJC_ROOT_CLASS = YES_ERROR;
				CLANG_WARN_QUOTED_INCLUDE_IN_FRAMEWORK_HEADER = YES;
				CLANG_WARN_RANGE_LOOP_ANALYSIS = YES;
				CLANG_WARN_STRICT_PROTOTYPES = YES;
				CLANG_WARN_SUSPICIOUS_MOVE = YES;
				CLANG_WARN_UNGUARDED_AVAILABILITY = YES_AGGRESSIVE;
				CLANG_WARN_UNREACHABLE_CODE = YES;
				CLANG_WARN__DUPLICATE_METHOD_MATCH = YES;
				COPY_PHASE_STRIP = NO;
				DEBUG_INFORMATION_FORMAT = "dwarf-with-dsym";
				ENABLE_NS_ASSERTIONS = NO;
				ENABLE_STRICT_OBJC_MSGSEND = YES;
				GCC_C_LANGUAGE_STANDARD = gnu11;
				GCC_NO_COMMON_BLOCKS = YES;
				GCC_WARN_64_TO_32_BIT_CONVERSION = YES;
				GCC_WARN_ABOUT_RETURN_TYPE = YES_ERROR;
				GCC_WARN_UNDECLARED_SELECTOR = YES;
				GCC_WARN_UNINITIALIZED_AUTOS = YES_AGGRESSIVE;
				GCC_WARN_UNUSED_FUNCTION = YES;
				GCC_WARN_UNUSED_VARIABLE = YES;
				IPHONEOS_DEPLOYMENT_TARGET = 14.4;
				MTL_ENABLE_DEBUG_INFO = NO;
				MTL_FAST_MATH = YES;
				SDKROOT = iphoneos;
				SWIFT_COMPILATION_MODE = wholemodule;
				SWIFT_OPTIMIZATION_LEVEL = "-O";
				VALIDATE_PRODUCT = YES;
			};
			name = Release;
		};
		D5EC072D261B521600B2D2D0 /* Debug */ = {
			isa = XCBuildConfiguration;
			buildSettings = {
				ASSETCATALOG_COMPILER_APPICON_NAME = AppIcon;
				ASSETCATALOG_COMPILER_GLOBAL_ACCENT_COLOR_NAME = AccentColor;
				CODE_SIGN_STYLE = Automatic;
				DEVELOPMENT_ASSET_PATHS = "\"hello/Preview Content\"";
				ENABLE_PREVIEWS = YES;
				INFOPLIST_FILE = hello/Info.plist;
				IPHONEOS_DEPLOYMENT_TARGET = 14.0;
				LD_RUNPATH_SEARCH_PATHS = (
					"$(inherited)",
					"@executable_path/Frameworks",
				);
				PRODUCT_BUNDLE_IDENTIFIER = kukutt.hello;
				PRODUCT_NAME = "$(TARGET_NAME)";
				SWIFT_VERSION = 5.0;
				TARGETED_DEVICE_FAMILY = "1,2";
			};
			name = Debug;
		};
		D5EC072E261B521600B2D2D0 /* Release */ = {
			isa = XCBuildConfiguration;
			buildSettings = {
				ASSETCATALOG_COMPILER_APPICON_NAME = AppIcon;
				ASSETCATALOG_COMPILER_GLOBAL_ACCENT_COLOR_NAME = AccentColor;
				CODE_SIGN_STYLE = Automatic;
				DEVELOPMENT_ASSET_PATHS = "\"hello/Preview Content\"";
				ENABLE_PREVIEWS = YES;
				INFOPLIST_FILE = hello/Info.plist;
				IPHONEOS_DEPLOYMENT_TARGET = 14.0;
				LD_RUNPATH_SEARCH_PATHS = (
					"$(inherited)",
					"@executable_path/Frameworks",
				);
				PRODUCT_BUNDLE_IDENTIFIER = kukutt.hello;
				PRODUCT_NAME = "$(TARGET_NAME)";
				SWIFT_VERSION = 5.0;
				TARGETED_DEVICE_FAMILY = "1,2";
			};
			name = Release;
		};
		D5EC0730261B521600B2D2D0 /* Debug */ = {
			isa = XCBuildConfiguration;
			buildSettings = {
				ALWAYS_EMBED_SWIFT_STANDARD_LIBRARIES = YES;
				BUNDLE_LOADER = "$(TEST_HOST)";
				CODE_SIGN_STYLE = Automatic;
				INFOPLIST_FILE = helloTests/Info.plist;
				IPHONEOS_DEPLOYMENT_TARGET = 14.0;
				LD_RUNPATH_SEARCH_PATHS = (
					"$(inherited)",
					"@executable_path/Frameworks",
					"@loader_path/Frameworks",
				);
				PRODUCT_BUNDLE_IDENTIFIER = kukutt.helloTests;
				PRODUCT_NAME = "$(TARGET_NAME)";
				SWIFT_VERSION = 5.0;
				TARGETED_DEVICE_FAMILY = "1,2";
				TEST_HOST = "$(BUILT_PRODUCTS_DIR)/hello.app/hello";
			};
			name = Debug;
		};
		D5EC0731261B521600B2D2D0 /* Release */ = {
			isa = XCBuildConfiguration;
			buildSettings = {
				ALWAYS_EMBED_SWIFT_STANDARD_LIBRARIES = YES;
				BUNDLE_LOADER = "$(TEST_HOST)";
				CODE_SIGN_STYLE = Automatic;
				INFOPLIST_FILE = helloTests/Info.plist;
				IPHONEOS_DEPLOYMENT_TARGET = 14.0;
				LD_RUNPATH_SEARCH_PATHS = (
					"$(inherited)",
					"@executable_path/Frameworks",
					"@loader_path/Frameworks",
				);
				PRODUCT_BUNDLE_IDENTIFIER = kukutt.helloTests;
				PRODUCT_NAME = "$(TARGET_NAME)";
				SWIFT_VERSION = 5.0;
				TARGETED_DEVICE_FAMILY = "1,2";
				TEST_HOST = "$(BUILT_PRODUCTS_DIR)/hello.app/hello";
			};
			name = Release;
		};
		D5EC0733261B521600B2D2D0 /* Debug */ = {
			isa = XCBuildConfiguration;
			buildSettings = {
				ALWAYS_EMBED_SWIFT_STANDARD_LIBRARIES = YES;
				CODE_SIGN_STYLE = Automatic;
				INFOPLIST_FILE = helloUITests/Info.plist;
				LD_RUNPATH_SEARCH_PATHS = (
					"$(inherited)",
					"@executable_path/Frameworks",
					"@loader_path/Frameworks",
				);
				PRODUCT_BUNDLE_IDENTIFIER = kukutt.helloUITests;
				PRODUCT_NAME = "$(TARGET_NAME)";
				SWIFT_VERSION = 5.0;
				TARGETED_DEVICE_FAMILY = "1,2";
				TEST_TARGET_NAME = hello;
			};
			name = Debug;
		};
		D5EC0734261B521600B2D2D0 /* Release */ = {
			isa = XCBuildConfiguration;
			buildSettings = {
				ALWAYS_EMBED_SWIFT_STANDARD_LIBRARIES = YES;
				CODE_SIGN_STYLE = Automatic;
				INFOPLIST_FILE = helloUITests/Info.plist;
				LD_RUNPATH_SEARCH_PATHS = (
					"$(inherited)",
					"@executable_path/Frameworks",
					"@loader_path/Frameworks",
				);
				PRODUCT_BUNDLE_IDENTIFIER = kukutt.helloUITests;
				PRODUCT_NAME = "$(TARGET_NAME)";
				SWIFT_VERSION = 5.0;
				TARGETED_DEVICE_FAMILY = "1,2";
				TEST_TARGET_NAME = hello;
			};
			name = Release;
		};
/* End XCBuildConfiguration section */

/* Begin XCConfigurationList section */
		D5EC0702261B520C00B2D2D0 /* Build configuration list for PBXProject "hello" */ = {
			isa = XCConfigurationList;
			buildConfigurations = (
				D5EC072A261B521600B2D2D0 /* Debug */,
				D5EC072B261B521600B2D2D0 /* Release */,
			);
			defaultConfigurationIsVisible = 0;
			defaultConfigurationName = Release;
		};
		D5EC072C261B521600B2D2D0 /* Build configuration list for PBXNativeTarget "hello" */ = {
			isa = XCConfigurationList;
			buildConfigurations = (
				D5EC072D261B521600B2D2D0 /* Debug */,
				D5EC072E261B521600B2D2D0 /* Release */,
			);
			defaultConfigurationIsVisible = 0;
			defaultConfigurationName = Release;
		};
		D5EC072F261B521600B2D2D0 /* Build configuration list for PBXNativeTarget "helloTests" */ = {
			isa = XCConfigurationList;
			buildConfigurations = (
				D5EC0730261B521600B2D2D0 /* Debug */,
				D5EC0731261B521600B2D2D0 /* Release */,
			);
			defaultConfigurationIsVisible = 0;
			defaultConfigurationName = Release;
		};
		D5EC0732261B521600B2D2D0 /* Build configuration list for PBXNativeTarget "helloUITests" */ = {
			isa = XCConfigurationList;
			buildConfigurations = (
				D5EC0733261B521600B2D2D0 /* Debug */,
				D5EC0734261B521600B2D2D0 /* Release */,
			);
			defaultConfigurationIsVisible = 0;
			defaultConfigurationName = Release;
		};
/* End XCConfigurationList section */
	};
	rootObject = D5EC06FF261B520B00B2D2D0 /* Project object */;
}
